# THIS IS AN AUTOGENERATED FILE. DO NOT EDIT THIS FILE DIRECTLY.
# yarn lockfile v1


"@types/prop-types@*":
  version "15.5.6"
  resolved "https://registry.yarnpkg.com/@types/prop-types/-/prop-types-15.5.6.tgz#9c03d3fed70a8d517c191b7734da2879b50ca26c"
  integrity sha512-ZBFR7TROLVzCkswA3Fmqq+IIJt62/T7aY/Dmz+QkU7CaW2QFqAitCE8Ups7IzmGhcN1YWMBT4Qcoc07jU9hOJQ==

"@types/react-image-crop@^3.0.1":
  version "3.0.1"
  resolved "https://registry.yarnpkg.com/@types/react-image-crop/-/react-image-crop-3.0.1.tgz#b9377c469e5586f2253de51af8c999406a9a6da0"
  integrity sha512-ztTGbTPmYgw7hXZfiB/aGJslX3GtuujcW58xoOO8MpreA0iq+J0LWD+0a42kcRizdMuMqANH41J8ydVJoks3tA==
  dependencies:
    "@types/react" "*"

"@types/react@*":
  version "16.7.7"
  resolved "https://registry.yarnpkg.com/@types/react/-/react-16.7.7.tgz#1e5e23e7dd922968ed4b484cdec00a5402c9f31b"
  integrity sha512-dJiq7CKxD1XJ/GqmbnsQisFnzG4z5lntKBw9X9qeSrguxFbrrhGa8cK9s0ONBp8wL1EfGfofEDVhjen26U46pw==
  dependencies:
    "@types/prop-types" "*"
    csstype "^2.2.0"

csstype@^2.2.0:
  version "2.5.7"
  resolved "https://registry.yarnpkg.com/csstype/-/csstype-2.5.7.tgz#bf9235d5872141eccfb2d16d82993c6b149179ff"
  integrity sha512-Nt5VDyOTIIV4/nRFswoCKps1R5CD1hkiyjBE9/thNaNZILLEviVw9yWQw15+O+CpNjQKB/uvdcxFFOrSflY3Yw==

react-image-crop@^6.0.9:
  version "6.0.9"
  resolved "https://registry.yarnpkg.com/react-image-crop/-/react-image-crop-6.0.9.tgz#5e949cf6503f65819afe44fc5c7ffb3d617ba499"
  integrity sha512-9O31Eb55Ss/XvJkYxK0XD7HYW2UUAen+GmljBtLSCRGwNHcfbeLL3naLHTKH80bBl+KK+pYaf0aTpoa11CN2SQ==
  dependencies:
    "@types/react-image-crop" "^3.0.1"
